
Microsoft Visual Studio Solution File, Format Version 12.00
# Visual Studio Version 17
VisualStudioVersion = 17.9.34728.123
MinimumVisualStudioVersion = 10.0.40219.1
Project("{9A19103F-16F7-4668-BE54-9A1E7A4F7556}") = "ECMS.Web", "ECMS.Web\ECMS.Web.csproj", "{8698D3DE-829B-4CEB-A246-2E003BC901F2}"
EndProject
Global
	GlobalSection(SolutionConfigurationPlatforms) = preSolution
		Debug|Any CPU = Debug|Any CPU
		Release|Any CPU = Release|Any CPU
	EndGlobalSection
	GlobalSection(ProjectConfigurationPlatforms) = postSolution
		{8698D3DE-829B-4CEB-A246-2E003BC901F2}.Debug|Any CPU.ActiveCfg = Debug|Any CPU
		{8698D3DE-829B-4CEB-A246-2E003BC901F2}.Debug|Any CPU.Build.0 = Debug|Any CPU
		{8698D3DE-829B-4CEB-A246-2E003BC901F2}.Release|Any CPU.ActiveCfg = Release|Any CPU
		{8698D3DE-829B-4CEB-A246-2E003BC901F2}.Release|Any CPU.Build.0 = Release|Any CPU
	EndGlobalSection
	GlobalSection(SolutionProperties) = preSolution
		HideSolutionNode = FALSE
	EndGlobalSection
	GlobalSection(ExtensibilityGlobals) = postSolution
		SolutionGuid = {EF33E6F0-4A81-4E8A-88F2-45EDA26A478C}
	EndGlobalSection
EndGlobal
